
Microsoft Visual Studio Solution File, Format Version 12.00
# Visual Studio Version 17
VisualStudioVersion = 17.4.33205.214
MinimumVisualStudioVersion = 10.0.40219.1
Project("{FAE04EC0-301F-11D3-BF4B-00C04F79EFBC}") = "WebApp", "WebApp\WebApp.csproj", "{3AC43491-99CA-4D57-9D85-8973BAA85443}"
EndProject
Global
	GlobalSection(SolutionConfigurationPlatforms) = preSolution
		Debug|Any CPU = Debug|Any CPU
		Release|Any CPU = Release|Any CPU
	EndGlobalSection
	GlobalSection(ProjectConfigurationPlatforms) = postSolution
		{3AC43491-99CA-4D57-9D85-8973BAA85443}.Debug|Any CPU.ActiveCfg = Debug|Any CPU
		{3AC43491-99CA-4D57-9D85-8973BAA85443}.Debug|Any CPU.Build.0 = Debug|Any CPU
		{3AC43491-99CA-4D57-9D85-8973BAA85443}.Release|Any CPU.ActiveCfg = Release|Any CPU
		{3AC43491-99CA-4D57-9D85-8973BAA85443}.Release|Any CPU.Build.0 = Release|Any CPU
	EndGlobalSection
	GlobalSection(SolutionProperties) = preSolution
		HideSolutionNode = FALSE
	EndGlobalSection
	GlobalSection(ExtensibilityGlobals) = postSolution
		SolutionGuid = {DA14109E-17DE-4FA8-92BF-8C36FFE9B4B3}
	EndGlobalSection
EndGlobal
